# THIS IS AN AUTOGENERATED FILE. DO NOT EDIT THIS FILE DIRECTLY.
# yarn lockfile v1


"@abp/aspnetcore.mvc.ui.theme.leptonxlite@~4.1.3":
  version "4.1.3"
  resolved "https://registry.yarnpkg.com/@abp/aspnetcore.mvc.ui.theme.leptonxlite/-/aspnetcore.mvc.ui.theme.leptonxlite-4.1.3.tgz#5f568ab6dbdf12024d0cbdfd94796a5c18a1c277"
  integrity sha512-+pmZahk6eZxzOE05mpYp+eAUu0LoD4c0G3JZkig/7h19rSGpmnzeMEmoeP5cBQsSR4F0J5K75O0UcX8eWyPplQ==
  dependencies:
    "@abp/aspnetcore.mvc.ui.theme.shared" "~9.1.3"

"@abp/aspnetcore.mvc.ui.theme.shared@~9.1.3":
  version "9.1.3"
  resolved "https://registry.yarnpkg.com/@abp/aspnetcore.mvc.ui.theme.shared/-/aspnetcore.mvc.ui.theme.shared-9.1.3.tgz#9f7cae002e2ac7679d56fff7b6cc49942c52e2b1"
  integrity sha512-lZ177eyHrwSBtsFbkbODrmEvXHdiSueh62jyoU7YKbskPHzOA/6ZOjkzMRDicf5UFUuJOYZi0i7p/2Jib9sWmA==
  dependencies:
    "@abp/aspnetcore.mvc.ui" "~9.1.3"
    "@abp/bootstrap" "~9.1.3"
    "@abp/bootstrap-datepicker" "~9.1.3"
    "@abp/bootstrap-daterangepicker" "~9.1.3"
    "@abp/datatables.net-bs5" "~9.1.3"
    "@abp/font-awesome" "~9.1.3"
    "@abp/jquery-form" "~9.1.3"
    "@abp/jquery-validation-unobtrusive" "~9.1.3"
    "@abp/lodash" "~9.1.3"
    "@abp/luxon" "~9.1.3"
    "@abp/malihu-custom-scrollbar-plugin" "~9.1.3"
    "@abp/moment" "~9.1.3"
    "@abp/select2" "~9.1.3"
    "@abp/sweetalert2" "~9.1.3"
    "@abp/timeago" "~9.1.3"
    "@abp/toastr" "~9.1.3"

"@abp/aspnetcore.mvc.ui@~9.1.3":
  version "9.1.3"
  resolved "https://registry.yarnpkg.com/@abp/aspnetcore.mvc.ui/-/aspnetcore.mvc.ui-9.1.3.tgz#eb3da367bfecb782c3228efd45c1c993a7113d87"
  integrity sha512-ZZsvjCHjOkFAp+k1iXd35YIGGsHEIOEcRGm+3dSyQVeg8gkdAYEJ60Vj/ca5cCEFFe2v/D6xBt++vmzq2N4AvQ==
  dependencies:
    ansi-colors "^4.1.3"

"@abp/bootstrap-datepicker@~9.1.3":
  version "9.1.3"
  resolved "https://registry.yarnpkg.com/@abp/bootstrap-datepicker/-/bootstrap-datepicker-9.1.3.tgz#73a066f579c612858e3f568d8f70486e3677bf7d"
  integrity sha512-s80oSiX4hPyby9TQsKYBz1RBEjvDbiZ6FYqrQDdJFuig44XU9Xs3QBvolGPY5doQp7Dck0a40KpuahIZC/1Ziw==
  dependencies:
    bootstrap-datepicker "^1.10.0"

"@abp/bootstrap-daterangepicker@~9.1.3":
  version "9.1.3"
  resolved "https://registry.yarnpkg.com/@abp/bootstrap-daterangepicker/-/bootstrap-daterangepicker-9.1.3.tgz#b183c722f285bd9fb8cb7faeff4ccba1fcb72cf3"
  integrity sha512-2FXPhhorKytyhy/wrlmK5jarxrBCGNtmKuxlHUtymJtwAKyP8yKZePrGR7ZaQB0Bn6m5oZ6KrMQlf05OJPbu4Q==
  dependencies:
    bootstrap-daterangepicker "^3.1.0"

"@abp/bootstrap@~9.1.3":
  version "9.1.3"
  resolved "https://registry.yarnpkg.com/@abp/bootstrap/-/bootstrap-9.1.3.tgz#3f8737d3fc1b59fdbc56f3d95c728179d5fc8394"
  integrity sha512-GVzedL6Rqza4+3LqE4HejpwdEzC4ZbmFBzVmIy0lJBHBayA8fdVBpO310M7R/JMxPNy6tFOfjufIF8M7s/r19A==
  dependencies:
    "@abp/core" "~9.1.3"
    bootstrap "^5.3.3"

"@abp/core@~9.1.3":
  version "9.1.3"
  resolved "https://registry.yarnpkg.com/@abp/core/-/core-9.1.3.tgz#bd40f70d34c2ceffe6f6c6469abd77d584e3a9b5"
  integrity sha512-dtMWaqqEErfBQShyxstSb4WEgKUhuhnihOEZP1PmNQVkew0ctYZ5iOI0+zbRPKRrIqdMxmczZoZinz3XcxT0oA==
  dependencies:
    "@abp/utils" "~9.1.3"

"@abp/datatables.net-bs5@~9.1.3":
  version "9.1.3"
  resolved "https://registry.yarnpkg.com/@abp/datatables.net-bs5/-/datatables.net-bs5-9.1.3.tgz#525fe0f5bd441d07bbfe4a612795e369fbdf0996"
  integrity sha512-FIIRxKVeCw+WmlageyeF/12OdrdkPDJTK84a+9t9s8GiFHvNa1IR6qTYi6IzNWYzh8kGzOCAj7Gc0AAZP9utRA==
  dependencies:
    "@abp/datatables.net" "~9.1.3"
    datatables.net-bs5 "^2.1.8"

"@abp/datatables.net@~9.1.3":
  version "9.1.3"
  resolved "https://registry.yarnpkg.com/@abp/datatables.net/-/datatables.net-9.1.3.tgz#2cb94eac8e868ad44d4e76f0dea3bb59af4c8a0b"
  integrity sha512-nhtEuzDkZOy69wcUS1eerFYPK58q6e7HuYhreWZzsGcPucUONK1OWrryRb0KbvogOyw9oKR/DdwoMpdChWMmmQ==
  dependencies:
    "@abp/jquery" "~9.1.3"
    datatables.net "^2.1.8"

"@abp/font-awesome@~9.1.3":
  version "9.1.3"
  resolved "https://registry.yarnpkg.com/@abp/font-awesome/-/font-awesome-9.1.3.tgz#6268ea238fbdf79f3e4c66c062a96bc17cf11ec4"
  integrity sha512-VvVEVskbVFnkXDDKHjDgGtFoNTvicGDmnSvLtCjp+NO4+W8PrXDxxgFQ7vBo3zygE6kHPnF0H2IUZXOZwwPEMQ==
  dependencies:
    "@abp/core" "~9.1.3"
    "@fortawesome/fontawesome-free" "^6.6.0"

"@abp/jquery-form@~9.1.3":
  version "9.1.3"
  resolved "https://registry.yarnpkg.com/@abp/jquery-form/-/jquery-form-9.1.3.tgz#df87eccce13bec8b51ba62864cc241182206eee9"
  integrity sha512-jkDjIssza7SuygXtPcGU+zP0+U48G3n/r6oWH+BYY/Edp/5xNVfMkCSi0ZvgSq4cuDNtXF2stPthSgTKrl6jyA==
  dependencies:
    "@abp/jquery" "~9.1.3"
    jquery-form "^4.3.0"

"@abp/jquery-validation-unobtrusive@~9.1.3":
  version "9.1.3"
  resolved "https://registry.yarnpkg.com/@abp/jquery-validation-unobtrusive/-/jquery-validation-unobtrusive-9.1.3.tgz#04271120b5cc6013a04a806e11d06a7676646e81"
  integrity sha512-sOwslfUUQBQRcHwqzzKZvljk/D/IcUDEoanWebC125uaN/f+1UlfvMZ5zYr954cdQvAuGexdgvu+8Im+8CM7Gg==
  dependencies:
    "@abp/jquery-validation" "~9.1.3"
    jquery-validation-unobtrusive "^4.0.0"

"@abp/jquery-validation@~9.1.3":
  version "9.1.3"
  resolved "https://registry.yarnpkg.com/@abp/jquery-validation/-/jquery-validation-9.1.3.tgz#08ade052546668d43fa4ae60880ed39dd2666df4"
  integrity sha512-Dz4cZUH6ZmcEqDEZDjw/q//pkSzayBl2Y/D+EGFNfVJXlckS20EUFDIcLiPWfeM0J8sB6Gfzj1fh1ot9irSQCQ==
  dependencies:
    "@abp/jquery" "~9.1.3"
    jquery-validation "^1.21.0"

"@abp/jquery@~9.1.3":
  version "9.1.3"
  resolved "https://registry.yarnpkg.com/@abp/jquery/-/jquery-9.1.3.tgz#815433e1d1869859c1b5b60a35d097b2ede5b279"
  integrity sha512-K6R2jx0V8no9qSqBrfqNdcF42aXMe1P+rar3CiFJ/SG0V5L/wk85yjt5on5M1TYjO1F3l1G+0wN5cw5gvw/Qrg==
  dependencies:
    "@abp/core" "~9.1.3"
    jquery "~3.7.1"

"@abp/lodash@~9.1.3":
  version "9.1.3"
  resolved "https://registry.yarnpkg.com/@abp/lodash/-/lodash-9.1.3.tgz#bd5ec56d729a4aca2536c54cebaca4d77c36bc6f"
  integrity sha512-6CH+5+SsP1rxZAT71C2BSS5HV+orPrjkQpcOI0MWVQI67OfozhnJ/0Pq/6LVs5Jxzum7x6IWZbjipQrg3xiJOw==
  dependencies:
    "@abp/core" "~9.1.3"
    lodash "^4.17.21"

"@abp/luxon@~9.1.3":
  version "9.1.3"
  resolved "https://registry.yarnpkg.com/@abp/luxon/-/luxon-9.1.3.tgz#461b4e2cd46f51bd03f63bee0b4ebe2bd297b72c"
  integrity sha512-J5SxZ0eQTwCg1a55L/RHBBlPHEpN9TNT90J+My9vpmYOFr046/44ZuncBJNblpZ/MWrfBO/t7CCHiDjYqL5qzQ==
  dependencies:
    "@abp/core" "~9.1.3"
    luxon "^3.5.0"

"@abp/malihu-custom-scrollbar-plugin@~9.1.3":
  version "9.1.3"
  resolved "https://registry.yarnpkg.com/@abp/malihu-custom-scrollbar-plugin/-/malihu-custom-scrollbar-plugin-9.1.3.tgz#d975ed5c9f97386ba2b35bbfb9140ec3a63c1069"
  integrity sha512-T2DFZGg3J/en7RT5r6ywBjEWVCPwxlRowIhtv7hP0r4WNkhAkyimfJnPld7tMLI+xYBoliZoFOWDnGITkz2A0g==
  dependencies:
    "@abp/core" "~9.1.3"
    malihu-custom-scrollbar-plugin "^3.1.5"

"@abp/moment@~9.1.3":
  version "9.1.3"
  resolved "https://registry.yarnpkg.com/@abp/moment/-/moment-9.1.3.tgz#4e6a5aba96818dbb6843f2060fd72e7eb6f52536"
  integrity sha512-uoejS1gJWfr7qgNiB7+o+xYDmxIlj7q0nSAbxv//CHwo1UJjgFkc7bRI3zB5qtCBhCxBxFPdkoYFI7fFnMseFw==
  dependencies:
    moment "^2.30.1"

"@abp/select2@~9.1.3":
  version "9.1.3"
  resolved "https://registry.yarnpkg.com/@abp/select2/-/select2-9.1.3.tgz#d4bc5d8d3602ff0ddcfef878932f4bc3e427363f"
  integrity sha512-vZStRwNzUSCDBpTGuoMe9lGCqqHLqHGkKht5zEGQlOGZs0gHQztQbi/dDsK1JOV/I9jS900IlYhjEf36xcLkDg==
  dependencies:
    "@abp/core" "~9.1.3"
    select2 "^4.0.13"

"@abp/sweetalert2@~9.1.3":
  version "9.1.3"
  resolved "https://registry.yarnpkg.com/@abp/sweetalert2/-/sweetalert2-9.1.3.tgz#45ce886087d93a28d76dffe1af4518c53ce8e8ea"
  integrity sha512-awQk3/Hkrt3ZyneZ4J6H9TMCOgSSjnNCHdT6flCPr78oq88/k1jYTBwAJ2boBRFXZov34c8HzJgUHcEixEpTuQ==
  dependencies:
    "@abp/core" "~9.1.3"
    sweetalert2 "^11.14.1"

"@abp/timeago@~9.1.3":
  version "9.1.3"
  resolved "https://registry.yarnpkg.com/@abp/timeago/-/timeago-9.1.3.tgz#47150bc593c65cdd2e7d60ce08ed46c1e7311734"
  integrity sha512-+chWSDqQL2Kt5wcIeQCf/vKRL5jpcej/Zv5lfDUJAI1dKJyLzPdzYj/m7yA9x5Osl3Cf8jG8dXDCZ2oM6pG96Q==
  dependencies:
    "@abp/jquery" "~9.1.3"
    timeago "^1.6.7"

"@abp/toastr@~9.1.3":
  version "9.1.3"
  resolved "https://registry.yarnpkg.com/@abp/toastr/-/toastr-9.1.3.tgz#7d89346c30a07a22aa416e367cad880f753a5b64"
  integrity sha512-WucCvTnSV0shflVmNuHroWkWCqWJYQRnuC28hwi902udca4OnRrEQVoG2joub+/XIsaxCo1BVaR42tzdnn5Jmw==
  dependencies:
    "@abp/jquery" "~9.1.3"
    toastr "^2.1.4"

"@abp/utils@~9.1.3":
  version "9.1.3"
  resolved "https://registry.yarnpkg.com/@abp/utils/-/utils-9.1.3.tgz#42cfdf3ccd65cb2cd3bbf930ebcd93f5ef240cc7"
  integrity sha512-g0QN3pwGgSPb0orAMtQ1YcFUtqKCazizWeW5OBwWrdR/GcxD1tM2foA3jV7yOtupvVwA0XPe3TC77HS/QIZSsg==
  dependencies:
    just-compare "^2.3.0"

"@fortawesome/fontawesome-free@^6.6.0":
  version "6.7.2"
  resolved "https://registry.yarnpkg.com/@fortawesome/fontawesome-free/-/fontawesome-free-6.7.2.tgz#8249de9b7e22fcb3ceb5e66090c30a1d5492b81a"
  integrity sha512-JUOtgFW6k9u4Y+xeIaEiLr3+cjoUPiAuLXoyKOJSia6Duzb7pq+A76P9ZdPDoAoxHdHzq6gE9/jKBGXlZT8FbA==

ansi-colors@^4.1.3:
  version "4.1.3"
  resolved "https://registry.yarnpkg.com/ansi-colors/-/ansi-colors-4.1.3.tgz#37611340eb2243e70cc604cad35d63270d48781b"
  integrity sha512-/6w/C21Pm1A7aZitlI5Ni/2J6FFQN8i1Cvz3kHABAAbw93v/NlvKdVOqz7CCWz/3iv/JplRSEEZ83XION15ovw==

bootstrap-datepicker@^1.10.0:
  version "1.10.0"
  resolved "https://registry.yarnpkg.com/bootstrap-datepicker/-/bootstrap-datepicker-1.10.0.tgz#61612bbe8bf0a69a5bce32bbcdda93ebb6ccf24a"
  integrity sha512-lWxtSYddAQOpbAO8UhYhHLcK6425eWoSjb5JDvZU3ePHEPF6A3eUr51WKaFy4PccU19JRxUG6wEU3KdhtKfvpg==
  dependencies:
    jquery ">=3.4.0 <4.0.0"

bootstrap-daterangepicker@^3.1.0:
  version "3.1.0"
  resolved "https://registry.yarnpkg.com/bootstrap-daterangepicker/-/bootstrap-daterangepicker-3.1.0.tgz#632e6fb2de4b6360c5c0a9d5f6adb9aace051fe8"
  integrity sha512-oaQZx6ZBDo/dZNyXGVi2rx5GmFXThyQLAxdtIqjtLlYVaQUfQALl5JZMJJZzyDIX7blfy4ppZPAJ10g8Ma4d/g==
  dependencies:
    jquery ">=1.10"
    moment "^2.9.0"

bootstrap@^5.3.3:
  version "5.3.6"
  resolved "https://registry.yarnpkg.com/bootstrap/-/bootstrap-5.3.6.tgz#fbd91ebaff093f5b191a1c01a8c866d24f9fa6e1"
  integrity sha512-jX0GAcRzvdwISuvArXn3m7KZscWWFAf1MKBcnzaN02qWMb3jpMoUX4/qgeiGzqyIb4ojulRzs89UCUmGcFSzTA==

datatables.net-bs5@^2.1.8:
  version "2.3.1"
  resolved "https://registry.yarnpkg.com/datatables.net-bs5/-/datatables.net-bs5-2.3.1.tgz#167a86c4ab138fe6eb7f653fb4c64e3ade0d3d7a"
  integrity sha512-bUwsW7cIR8EDyiedQv6OKGF5ouxkFjaODmtEd7NRtpoZixAZDScmIrxe9cddjS0EybpC2gYslKs+o03E8tkCEA==
  dependencies:
    datatables.net "2.3.1"
    jquery ">=1.7"

datatables.net@2.3.1, datatables.net@^2.1.8:
  version "2.3.1"
  resolved "https://registry.yarnpkg.com/datatables.net/-/datatables.net-2.3.1.tgz#fcb61efd42fe64627fb9042637f1d93872268e70"
  integrity sha512-pRXZuk3oR7P5kTl/CRvopcTihlvmZiY+xSBjbNI6e8MjYtgZQodWEqLUUOrIZeLH8CfxapPR/Bmb0NKAvILP5g==
  dependencies:
    jquery ">=1.7"

jquery-form@^4.3.0:
  version "4.3.0"
  resolved "https://registry.yarnpkg.com/jquery-form/-/jquery-form-4.3.0.tgz#7d3961c314a1f2d15298f4af1d3943f54f4149c6"
  integrity sha512-q3uaVCEWdLOYUCI6dpNdwf/7cJFOsUgdpq6r0taxtGQ5NJSkOzofyWm4jpOuJ5YxdmL1FI5QR+q+HB63HHLGnQ==
  dependencies:
    jquery ">=1.7.2"

jquery-mousewheel@>=3.0.6:
  version "3.2.2"
  resolved "https://registry.yarnpkg.com/jquery-mousewheel/-/jquery-mousewheel-3.2.2.tgz#48c833f6260ee0c46d438a999e7d0060ec9eed0b"
  integrity sha512-JP71xTAg08ZY3hcs9ZbYUZ5i+dkSsz4yRl/zpWkAmtzc+kMs5EfPkpkINSidiLYMaR0MTo3DfFGF9WIezMsFQQ==
  dependencies:
    jquery ">=1.2.6"

jquery-validation-unobtrusive@^4.0.0:
  version "4.0.0"
  resolved "https://registry.yarnpkg.com/jquery-validation-unobtrusive/-/jquery-validation-unobtrusive-4.0.0.tgz#dfcf25a558496a2c883db6021d10f5398d15f99d"
  integrity sha512-1ervYFFv6LX/rp7ktuLnMakHNG0piNRDyROI8Ir3hL1vPIwylAehB1AY3BPrYJnzW3WmwWryZq+Bz4sazZK9iQ==
  dependencies:
    jquery "^3.6.0"
    jquery-validation ">=1.19"

jquery-validation@>=1.19, jquery-validation@^1.21.0:
  version "1.21.0"
  resolved "https://registry.yarnpkg.com/jquery-validation/-/jquery-validation-1.21.0.tgz#78fc05ab76020912a246af3661b3f54a438bca93"
  integrity sha512-xNot0rlUIgu7duMcQ5qb6MGkGL/Z1PQaRJQoZAURW9+a/2PGOUxY36o/WyNeP2T9R6jvWB8Z9lUVvvQWI/Zs5w==

jquery@>=1.10, jquery@>=1.12.0, jquery@>=1.2.6, "jquery@>=1.5.0 <4.0", jquery@>=1.7, jquery@>=1.7.2, "jquery@>=3.4.0 <4.0.0", jquery@^3.6.0, jquery@~3.7.1:
  version "3.7.1"
  resolved "https://registry.yarnpkg.com/jquery/-/jquery-3.7.1.tgz#083ef98927c9a6a74d05a6af02806566d16274de"
  integrity sha512-m4avr8yL8kmFN8psrbFFFmB/If14iN5o9nw/NgnnM+kybDJpRsAynV2BsfpTYrTRysYUdADVD7CkUUizgkpLfg==

just-compare@^2.3.0:
  version "2.3.0"
  resolved "https://registry.yarnpkg.com/just-compare/-/just-compare-2.3.0.tgz#a2adcc1d1940536263275f5a1ef1298bcacfeda7"
  integrity sha512-6shoR7HDT+fzfL3gBahx1jZG3hWLrhPAf+l7nCwahDdT9XDtosB9kIF0ZrzUp5QY8dJWfQVr5rnsPqsbvflDzg==

lodash@^4.17.21:
  version "4.17.21"
  resolved "https://registry.yarnpkg.com/lodash/-/lodash-4.17.21.tgz#679591c564c3bffaae8454cf0b3df370c3d6911c"
  integrity sha512-v2kDEe57lecTulaDIuNTPy3Ry4gLGJ6Z1O3vE1krgXZNrsQ+LFTGHVxVjcXPs17LhbZVGedAJv8XZ1tvj5FvSg==

luxon@^3.5.0:
  version "3.6.1"
  resolved "https://registry.yarnpkg.com/luxon/-/luxon-3.6.1.tgz#d283ffc4c0076cb0db7885ec6da1c49ba97e47b0"
  integrity sha512-tJLxrKJhO2ukZ5z0gyjY1zPh3Rh88Ej9P7jNrZiHMUXHae1yvI2imgOZtL1TO8TW6biMMKfTtAOoEJANgtWBMQ==

malihu-custom-scrollbar-plugin@^3.1.5:
  version "3.1.5"
  resolved "https://registry.yarnpkg.com/malihu-custom-scrollbar-plugin/-/malihu-custom-scrollbar-plugin-3.1.5.tgz#310cecc5e59415a1c29e9dfb5d2b6e01d66a29ef"
  integrity sha512-lwW3LgI+CNDMPnP4ED2la6oYxWMkCXlnhex+s2wuOLhFDFGnGmQuTQVdRK9bvDLpxs10sGlfErVufJy9ztfgJQ==
  dependencies:
    jquery-mousewheel ">=3.0.6"

moment@^2.30.1, moment@^2.9.0:
  version "2.30.1"
  resolved "https://registry.yarnpkg.com/moment/-/moment-2.30.1.tgz#f8c91c07b7a786e30c59926df530b4eac96974ae"
  integrity sha512-uEmtNhbDOrWPFS+hdjFCBfy9f2YoyzRpwcl+DqpC6taX21FzsTLQVbMV/W7PzNSX6x/bhC1zA3c2UQ5NzH6how==

select2@^4.0.13:
  version "4.0.13"
  resolved "https://registry.yarnpkg.com/select2/-/select2-4.0.13.tgz#0dbe377df3f96167c4c1626033e924372d8ef44d"
  integrity sha512-1JeB87s6oN/TDxQQYCvS5EFoQyvV6eYMZZ0AeA4tdFDYWN3BAGZ8npr17UBFddU0lgAt3H0yjX3X6/ekOj1yjw==

sweetalert2@^11.14.1:
  version "11.22.0"
  resolved "https://registry.yarnpkg.com/sweetalert2/-/sweetalert2-11.22.0.tgz#da67f7e7e635d0392548a4e3dd1f56979d4a3698"
  integrity sha512-pSMuRGDULhh+wrFkO22O0YsIXxs8yFE0O+WVYXcqc/sTa1oRnf0JlR+vfQIRY1QM1UeFfnCjyw6DYnG75/oxiQ==

timeago@^1.6.7:
  version "1.6.7"
  resolved "https://registry.yarnpkg.com/timeago/-/timeago-1.6.7.tgz#afd467c29a911e697fc22a81888c7c3022783cb5"
  integrity sha512-FikcjN98+ij0siKH4VO4dZ358PR3oDDq4Vdl1+sN9gWz1/+JXGr3uZbUShYH/hL7bMhcTpPbplJU5Tej4b4jbQ==
  dependencies:
    jquery ">=1.5.0 <4.0"

toastr@^2.1.4:
  version "2.1.4"
  resolved "https://registry.yarnpkg.com/toastr/-/toastr-2.1.4.tgz#8b43be64fb9d0c414871446f2db8e8ca4e95f181"
  integrity sha512-LIy77F5n+sz4tefMmFOntcJ6HL0Fv3k1TDnNmFZ0bU/GcvIIfy6eG2v7zQmMiYgaalAiUv75ttFrPn5s0gyqlA==
  dependencies:
    jquery ">=1.12.0"
